
Microsoft Visual Studio Solution File, Format Version 12.00
# Visual Studio Version 16
VisualStudioVersion = 16.0.31702.278
MinimumVisualStudioVersion = 10.0.40219.1
Project("{FAE04EC0-301F-11D3-BF4B-00C04F79EFBC}") = "Activnosty3", "Activnosty3\Activnosty3.csproj", "{36091934-AE09-4977-AA25-87EE81BD7553}"
EndProject
Global
	GlobalSection(SolutionConfigurationPlatforms) = preSolution
		Debug|Any CPU = Debug|Any CPU
		Release|Any CPU = Release|Any CPU
	EndGlobalSection
	GlobalSection(ProjectConfigurationPlatforms) = postSolution
		{36091934-AE09-4977-AA25-87EE81BD7553}.Debug|Any CPU.ActiveCfg = Debug|Any CPU
		{36091934-AE09-4977-AA25-87EE81BD7553}.Debug|Any CPU.Build.0 = Debug|Any CPU
		{36091934-AE09-4977-AA25-87EE81BD7553}.Release|Any CPU.ActiveCfg = Release|Any CPU
		{36091934-AE09-4977-AA25-87EE81BD7553}.Release|Any CPU.Build.0 = Release|Any CPU
	EndGlobalSection
	GlobalSection(SolutionProperties) = preSolution
		HideSolutionNode = FALSE
	EndGlobalSection
	GlobalSection(ExtensibilityGlobals) = postSolution
		SolutionGuid = {46A9FCAE-2D2C-440B-9C77-01517C1A578A}
	EndGlobalSection
EndGlobal
